
Microsoft Visual Studio Solution File, Format Version 12.00
# Visual Studio Version 16
VisualStudioVersion = 16.0.30406.217
MinimumVisualStudioVersion = 10.0.40219.1
Project("{FAE04EC0-301F-11D3-BF4B-00C04F79EFBC}") = "DAN_LIV_Milos_Peric", "DAN_LIV_Milos_Peric\DAN_LIV_Milos_Peric.csproj", "{798D8E08-3A0B-4E98-B534-9C3C38DF8D25}"
EndProject
Global
	GlobalSection(SolutionConfigurationPlatforms) = preSolution
		Debug|Any CPU = Debug|Any CPU
		Release|Any CPU = Release|Any CPU
	EndGlobalSection
	GlobalSection(ProjectConfigurationPlatforms) = postSolution
		{798D8E08-3A0B-4E98-B534-9C3C38DF8D25}.Debug|Any CPU.ActiveCfg = Debug|Any CPU
		{798D8E08-3A0B-4E98-B534-9C3C38DF8D25}.Debug|Any CPU.Build.0 = Debug|Any CPU
		{798D8E08-3A0B-4E98-B534-9C3C38DF8D25}.Release|Any CPU.ActiveCfg = Release|Any CPU
		{798D8E08-3A0B-4E98-B534-9C3C38DF8D25}.Release|Any CPU.Build.0 = Release|Any CPU
	EndGlobalSection
	GlobalSection(SolutionProperties) = preSolution
		HideSolutionNode = FALSE
	EndGlobalSection
	GlobalSection(ExtensibilityGlobals) = postSolution
		SolutionGuid = {451AC7A8-E91F-492A-95CC-520500229AAF}
	EndGlobalSection
EndGlobal
